
Microsoft Visual Studio Solution File, Format Version 10.00
# Visual Studio 2008
Project("{FAE04EC0-301F-11D3-BF4B-00C04F79EFBC}") = "SimGUI", "SimGUI\SimGUI.csproj", "{9CF079D4-CB4A-48CF-B666-D67A0DD88048}"
EndProject
Global
	GlobalSection(SolutionConfigurationPlatforms) = preSolution
		Debug|x86 = Debug|x86
		Release|x86 = Release|x86
	EndGlobalSection
	GlobalSection(ProjectConfigurationPlatforms) = postSolution
		{9CF079D4-CB4A-48CF-B666-D67A0DD88048}.Debug|x86.ActiveCfg = Debug|x86
		{9CF079D4-CB4A-48CF-B666-D67A0DD88048}.Debug|x86.Build.0 = Debug|x86
		{9CF079D4-CB4A-48CF-B666-D67A0DD88048}.Release|x86.ActiveCfg = Release|x86
		{9CF079D4-CB4A-48CF-B666-D67A0DD88048}.Release|x86.Build.0 = Release|x86
	EndGlobalSection
	GlobalSection(MonoDevelopProperties) = preSolution
		StartupItem = SimGUI\SimGUI.csproj
	EndGlobalSection
EndGlobal
